
Microsoft Visual Studio Solution File, Format Version 12.00
# Visual Studio Version 17
VisualStudioVersion = 17.0.31903.59
MinimumVisualStudioVersion = 10.0.40219.1
Project("{9A19103F-16F7-4668-BE54-9A1E7A4F7556}") = "backend", "backend\backend.csproj", "{4C7C0A78-857B-4407-BD82-EA9CF6C4E61A}"
EndProject
Project("{54A90642-561A-4BB1-A94E-469ADEE60C69}") = "frontend", "frontend\frontend.esproj", "{87F683BE-E7BB-4823-AA13-A94396197793}"
EndProject
Project("{2150E333-8FDC-42A3-9474-1A3956D46DE8}") = "config", "config", "{53003BE2-D85F-4D0D-930A-197C4DD96D51}"
	ProjectSection(SolutionItems) = preProject
		global-settings.json = global-settings.json
		global-settings.local.json = global-settings.local.json
		global-settings.local.example.json = global-settings.local.example.json
		global-settings.schema.json = global-settings.schema.json
		global.json = global.json
		security-headers.json = security-headers.json
	EndProjectSection
EndProject
Global
	GlobalSection(SolutionConfigurationPlatforms) = preSolution
		Debug|Any CPU = Debug|Any CPU
		Release|Any CPU = Release|Any CPU
	EndGlobalSection
	GlobalSection(ProjectConfigurationPlatforms) = postSolution
		{4C7C0A78-857B-4407-BD82-EA9CF6C4E61A}.Debug|Any CPU.ActiveCfg = Debug|Any CPU
		{4C7C0A78-857B-4407-BD82-EA9CF6C4E61A}.Debug|Any CPU.Build.0 = Debug|Any CPU
		{4C7C0A78-857B-4407-BD82-EA9CF6C4E61A}.Release|Any CPU.ActiveCfg = Release|Any CPU
		{4C7C0A78-857B-4407-BD82-EA9CF6C4E61A}.Release|Any CPU.Build.0 = Release|Any CPU
		{87F683BE-E7BB-4823-AA13-A94396197793}.Debug|Any CPU.ActiveCfg = Debug|Any CPU
		{87F683BE-E7BB-4823-AA13-A94396197793}.Release|Any CPU.ActiveCfg = Release|Any CPU
	EndGlobalSection
	GlobalSection(SolutionProperties) = preSolution
		HideSolutionNode = FALSE
	EndGlobalSection
EndGlobal
